
Microsoft Visual Studio Solution File, Format Version 12.00
# Visual Studio 2012
Project("{8BC9CEB8-8B4A-11D0-8D11-00A0C91BC942}") = "MagicUI", "MagicUI.vcxproj", "{4346326B-2F99-4A9B-9781-969E5B41E9DE}"
EndProject
Global
	GlobalSection(SolutionConfigurationPlatforms) = preSolution
		Debug|Win32 = Debug|Win32
		Release|Win32 = Release|Win32
	EndGlobalSection
	GlobalSection(ProjectConfigurationPlatforms) = postSolution
		{4346326B-2F99-4A9B-9781-969E5B41E9DE}.Debug|Win32.ActiveCfg = Debug|Win32
		{4346326B-2F99-4A9B-9781-969E5B41E9DE}.Debug|Win32.Build.0 = Debug|Win32
		{4346326B-2F99-4A9B-9781-969E5B41E9DE}.Release|Win32.ActiveCfg = Release|Win32
		{4346326B-2F99-4A9B-9781-969E5B41E9DE}.Release|Win32.Build.0 = Release|Win32
	EndGlobalSection
	GlobalSection(SolutionProperties) = preSolution
		HideSolutionNode = FALSE
	EndGlobalSection
EndGlobal
